
Microsoft Visual Studio Solution File, Format Version 12.00
# Visual Studio 15
VisualStudioVersion = 15.0.26124.0
MinimumVisualStudioVersion = 15.0.26124.0
Project("{2150E333-8FDC-42A3-9474-1A3956D46DE8}") = "src", "src", "{0DCB61D5-AB26-4C9C-9283-C2D89B44CCCE}"
EndProject
Project("{FAE04EC0-301F-11D3-BF4B-00C04F79EFBC}") = "Drop.Api", "src\Drop.Api\Drop.Api.csproj", "{9FD6326D-31BD-4F16-A29C-30FC1524093E}"
EndProject
Project("{FAE04EC0-301F-11D3-BF4B-00C04F79EFBC}") = "Drop.Application", "src\Drop.Application\Drop.Application.csproj", "{717F2914-AA7F-49F3-8338-E5D265E57D2C}"
EndProject
Project("{FAE04EC0-301F-11D3-BF4B-00C04F79EFBC}") = "Drop.Core", "src\Drop.Core\Drop.Core.csproj", "{C3A6904D-F5CF-4115-A0E3-2105F615EA18}"
EndProject
Project("{FAE04EC0-301F-11D3-BF4B-00C04F79EFBC}") = "Drop.Infrastructure", "src\Drop.Infrastructure\Drop.Infrastructure.csproj", "{BF24BCAD-87D1-4D71-BB22-58EE3E7A526C}"
EndProject
Project("{2150E333-8FDC-42A3-9474-1A3956D46DE8}") = "tests", "tests", "{5A2CB986-7057-44E5-837E-5D3C756BAEDD}"
EndProject
Project("{FAE04EC0-301F-11D3-BF4B-00C04F79EFBC}") = "Drop.Tests.Integration", "tests\Drop.Tests.Integration\Drop.Tests.Integration.csproj", "{87C421C1-909F-42ED-8E5F-CA49F70002E2}"
EndProject
Project("{FAE04EC0-301F-11D3-BF4B-00C04F79EFBC}") = "Drop.Tests.Unit", "tests\Drop.Tests.Unit\Drop.Tests.Unit.csproj", "{B1C313EF-35C2-4861-AC5E-50904CBFA881}"
EndProject
Global
	GlobalSection(SolutionConfigurationPlatforms) = preSolution
		Debug|Any CPU = Debug|Any CPU
		Debug|x64 = Debug|x64
		Debug|x86 = Debug|x86
		Release|Any CPU = Release|Any CPU
		Release|x64 = Release|x64
		Release|x86 = Release|x86
	EndGlobalSection
	GlobalSection(SolutionProperties) = preSolution
		HideSolutionNode = FALSE
	EndGlobalSection
	GlobalSection(ProjectConfigurationPlatforms) = postSolution
		{9FD6326D-31BD-4F16-A29C-30FC1524093E}.Debug|Any CPU.ActiveCfg = Debug|Any CPU
		{9FD6326D-31BD-4F16-A29C-30FC1524093E}.Debug|Any CPU.Build.0 = Debug|Any CPU
		{9FD6326D-31BD-4F16-A29C-30FC1524093E}.Debug|x64.ActiveCfg = Debug|Any CPU
		{9FD6326D-31BD-4F16-A29C-30FC1524093E}.Debug|x64.Build.0 = Debug|Any CPU
		{9FD6326D-31BD-4F16-A29C-30FC1524093E}.Debug|x86.ActiveCfg = Debug|Any CPU
		{9FD6326D-31BD-4F16-A29C-30FC1524093E}.Debug|x86.Build.0 = Debug|Any CPU
		{9FD6326D-31BD-4F16-A29C-30FC1524093E}.Release|Any CPU.ActiveCfg = Release|Any CPU
		{9FD6326D-31BD-4F16-A29C-30FC1524093E}.Release|Any CPU.Build.0 = Release|Any CPU
		{9FD6326D-31BD-4F16-A29C-30FC1524093E}.Release|x64.ActiveCfg = Release|Any CPU
		{9FD6326D-31BD-4F16-A29C-30FC1524093E}.Release|x64.Build.0 = Release|Any CPU
		{9FD6326D-31BD-4F16-A29C-30FC1524093E}.Release|x86.ActiveCfg = Release|Any CPU
		{9FD6326D-31BD-4F16-A29C-30FC1524093E}.Release|x86.Build.0 = Release|Any CPU
		{717F2914-AA7F-49F3-8338-E5D265E57D2C}.Debug|Any CPU.ActiveCfg = Debug|Any CPU
		{717F2914-AA7F-49F3-8338-E5D265E57D2C}.Debug|Any CPU.Build.0 = Debug|Any CPU
		{717F2914-AA7F-49F3-8338-E5D265E57D2C}.Debug|x64.ActiveCfg = Debug|Any CPU
		{717F2914-AA7F-49F3-8338-E5D265E57D2C}.Debug|x64.Build.0 = Debug|Any CPU
		{717F2914-AA7F-49F3-8338-E5D265E57D2C}.Debug|x86.ActiveCfg = Debug|Any CPU
		{717F2914-AA7F-49F3-8338-E5D265E57D2C}.Debug|x86.Build.0 = Debug|Any CPU
		{717F2914-AA7F-49F3-8338-E5D265E57D2C}.Release|Any CPU.ActiveCfg = Release|Any CPU
		{717F2914-AA7F-49F3-8338-E5D265E57D2C}.Release|Any CPU.Build.0 = Release|Any CPU
		{717F2914-AA7F-49F3-8338-E5D265E57D2C}.Release|x64.ActiveCfg = Release|Any CPU
		{717F2914-AA7F-49F3-8338-E5D265E57D2C}.Release|x64.Build.0 = Release|Any CPU
		{717F2914-AA7F-49F3-8338-E5D265E57D2C}.Release|x86.ActiveCfg = Release|Any CPU
		{717F2914-AA7F-49F3-8338-E5D265E57D2C}.Release|x86.Build.0 = Release|Any CPU
		{C3A6904D-F5CF-4115-A0E3-2105F615EA18}.Debug|Any CPU.ActiveCfg = Debug|Any CPU
		{C3A6904D-F5CF-4115-A0E3-2105F615EA18}.Debug|Any CPU.Build.0 = Debug|Any CPU
		{C3A6904D-F5CF-4115-A0E3-2105F615EA18}.Debug|x64.ActiveCfg = Debug|Any CPU
		{C3A6904D-F5CF-4115-A0E3-2105F615EA18}.Debug|x64.Build.0 = Debug|Any CPU
		{C3A6904D-F5CF-4115-A0E3-2105F615EA18}.Debug|x86.ActiveCfg = Debug|Any CPU
		{C3A6904D-F5CF-4115-A0E3-2105F615EA18}.Debug|x86.Build.0 = Debug|Any CPU
		{C3A6904D-F5CF-4115-A0E3-2105F615EA18}.Release|Any CPU.ActiveCfg = Release|Any CPU
		{C3A6904D-F5CF-4115-A0E3-2105F615EA18}.Release|Any CPU.Build.0 = Release|Any CPU
		{C3A6904D-F5CF-4115-A0E3-2105F615EA18}.Release|x64.ActiveCfg = Release|Any CPU
		{C3A6904D-F5CF-4115-A0E3-2105F615EA18}.Release|x64.Build.0 = Release|Any CPU
		{C3A6904D-F5CF-4115-A0E3-2105F615EA18}.Release|x86.ActiveCfg = Release|Any CPU
		{C3A6904D-F5CF-4115-A0E3-2105F615EA18}.Release|x86.Build.0 = Release|Any CPU
		{BF24BCAD-87D1-4D71-BB22-58EE3E7A526C}.Debug|Any CPU.ActiveCfg = Debug|Any CPU
		{BF24BCAD-87D1-4D71-BB22-58EE3E7A526C}.Debug|Any CPU.Build.0 = Debug|Any CPU
		{BF24BCAD-87D1-4D71-BB22-58EE3E7A526C}.Debug|x64.ActiveCfg = Debug|Any CPU
		{BF24BCAD-87D1-4D71-BB22-58EE3E7A526C}.Debug|x64.Build.0 = Debug|Any CPU
		{BF24BCAD-87D1-4D71-BB22-58EE3E7A526C}.Debug|x86.ActiveCfg = Debug|Any CPU
		{BF24BCAD-87D1-4D71-BB22-58EE3E7A526C}.Debug|x86.Build.0 = Debug|Any CPU
		{BF24BCAD-87D1-4D71-BB22-58EE3E7A526C}.Release|Any CPU.ActiveCfg = Release|Any CPU
		{BF24BCAD-87D1-4D71-BB22-58EE3E7A526C}.Release|Any CPU.Build.0 = Release|Any CPU
		{BF24BCAD-87D1-4D71-BB22-58EE3E7A526C}.Release|x64.ActiveCfg = Release|Any CPU
		{BF24BCAD-87D1-4D71-BB22-58EE3E7A526C}.Release|x64.Build.0 = Release|Any CPU
		{BF24BCAD-87D1-4D71-BB22-58EE3E7A526C}.Release|x86.ActiveCfg = Release|Any CPU
		{BF24BCAD-87D1-4D71-BB22-58EE3E7A526C}.Release|x86.Build.0 = Release|Any CPU
		{87C421C1-909F-42ED-8E5F-CA49F70002E2}.Debug|Any CPU.ActiveCfg = Debug|Any CPU
		{87C421C1-909F-42ED-8E5F-CA49F70002E2}.Debug|Any CPU.Build.0 = Debug|Any CPU
		{87C421C1-909F-42ED-8E5F-CA49F70002E2}.Debug|x64.ActiveCfg = Debug|Any CPU
		{87C421C1-909F-42ED-8E5F-CA49F70002E2}.Debug|x64.Build.0 = Debug|Any CPU
		{87C421C1-909F-42ED-8E5F-CA49F70002E2}.Debug|x86.ActiveCfg = Debug|Any CPU
		{87C421C1-909F-42ED-8E5F-CA49F70002E2}.Debug|x86.Build.0 = Debug|Any CPU
		{87C421C1-909F-42ED-8E5F-CA49F70002E2}.Release|Any CPU.ActiveCfg = Release|Any CPU
		{87C421C1-909F-42ED-8E5F-CA49F70002E2}.Release|Any CPU.Build.0 = Release|Any CPU
		{87C421C1-909F-42ED-8E5F-CA49F70002E2}.Release|x64.ActiveCfg = Release|Any CPU
		{87C421C1-909F-42ED-8E5F-CA49F70002E2}.Release|x64.Build.0 = Release|Any CPU
		{87C421C1-909F-42ED-8E5F-CA49F70002E2}.Release|x86.ActiveCfg = Release|Any CPU
		{87C421C1-909F-42ED-8E5F-CA49F70002E2}.Release|x86.Build.0 = Release|Any CPU
		{B1C313EF-35C2-4861-AC5E-50904CBFA881}.Debug|Any CPU.ActiveCfg = Debug|Any CPU
		{B1C313EF-35C2-4861-AC5E-50904CBFA881}.Debug|Any CPU.Build.0 = Debug|Any CPU
		{B1C313EF-35C2-4861-AC5E-50904CBFA881}.Debug|x64.ActiveCfg = Debug|Any CPU
		{B1C313EF-35C2-4861-AC5E-50904CBFA881}.Debug|x64.Build.0 = Debug|Any CPU
		{B1C313EF-35C2-4861-AC5E-50904CBFA881}.Debug|x86.ActiveCfg = Debug|Any CPU
		{B1C313EF-35C2-4861-AC5E-50904CBFA881}.Debug|x86.Build.0 = Debug|Any CPU
		{B1C313EF-35C2-4861-AC5E-50904CBFA881}.Release|Any CPU.ActiveCfg = Release|Any CPU
		{B1C313EF-35C2-4861-AC5E-50904CBFA881}.Release|Any CPU.Build.0 = Release|Any CPU
		{B1C313EF-35C2-4861-AC5E-50904CBFA881}.Release|x64.ActiveCfg = Release|Any CPU
		{B1C313EF-35C2-4861-AC5E-50904CBFA881}.Release|x64.Build.0 = Release|Any CPU
		{B1C313EF-35C2-4861-AC5E-50904CBFA881}.Release|x86.ActiveCfg = Release|Any CPU
		{B1C313EF-35C2-4861-AC5E-50904CBFA881}.Release|x86.Build.0 = Release|Any CPU
	EndGlobalSection
	GlobalSection(NestedProjects) = preSolution
		{9FD6326D-31BD-4F16-A29C-30FC1524093E} = {0DCB61D5-AB26-4C9C-9283-C2D89B44CCCE}
		{717F2914-AA7F-49F3-8338-E5D265E57D2C} = {0DCB61D5-AB26-4C9C-9283-C2D89B44CCCE}
		{C3A6904D-F5CF-4115-A0E3-2105F615EA18} = {0DCB61D5-AB26-4C9C-9283-C2D89B44CCCE}
		{BF24BCAD-87D1-4D71-BB22-58EE3E7A526C} = {0DCB61D5-AB26-4C9C-9283-C2D89B44CCCE}
		{87C421C1-909F-42ED-8E5F-CA49F70002E2} = {5A2CB986-7057-44E5-837E-5D3C756BAEDD}
		{B1C313EF-35C2-4861-AC5E-50904CBFA881} = {5A2CB986-7057-44E5-837E-5D3C756BAEDD}
	EndGlobalSection
EndGlobal
